
Microsoft Visual Studio Solution File, Format Version 12.00
# Visual Studio Version 16
VisualStudioVersion = 16.0.30517.126
MinimumVisualStudioVersion = 10.0.40219.1
Project("{FAE04EC0-301F-11D3-BF4B-00C04F79EFBC}") = "FileProperties", "FileProperties\FileProperties.csproj", "{0634A7DC-116A-4AF1-9CCF-AB2D4BB49E0F}"
EndProject
Global
	GlobalSection(SolutionConfigurationPlatforms) = preSolution
		Debug|Any CPU = Debug|Any CPU
		Release|Any CPU = Release|Any CPU
	EndGlobalSection
	GlobalSection(ProjectConfigurationPlatforms) = postSolution
		{0634A7DC-116A-4AF1-9CCF-AB2D4BB49E0F}.Debug|Any CPU.ActiveCfg = Debug|Any CPU
		{0634A7DC-116A-4AF1-9CCF-AB2D4BB49E0F}.Debug|Any CPU.Build.0 = Debug|Any CPU
		{0634A7DC-116A-4AF1-9CCF-AB2D4BB49E0F}.Release|Any CPU.ActiveCfg = Release|Any CPU
		{0634A7DC-116A-4AF1-9CCF-AB2D4BB49E0F}.Release|Any CPU.Build.0 = Release|Any CPU
	EndGlobalSection
	GlobalSection(SolutionProperties) = preSolution
		HideSolutionNode = FALSE
	EndGlobalSection
	GlobalSection(ExtensibilityGlobals) = postSolution
		SolutionGuid = {5F632600-EB96-4065-B939-C4D9A9F30472}
	EndGlobalSection
EndGlobal
